lockfileVersion: '6.0'

settings:
  autoInstallPeers: true
  excludeLinksFromLockfile: false

importers:

  .:
    dependencies:
      '@preact/signals-react':
        specifier: ^2.2.0
        version: 2.2.0(react@19.0.0)
      clsx:
        specifier: ^2.1.1
        version: 2.1.1
      home-assistant-js-websocket:
        specifier: ^9.4.0
        version: 9.4.0
      react:
        specifier: 19.0.0
        version: 19.0.0
      react-dom:
        specifier: 19.0.0
        version: 19.0.0(react@19.0.0)
      tailwind-merge:
        specifier: ^2.5.5
        version: 2.5.5
    devDependencies:
      '@eslint/js':
        specifier: ^9.16.0
        version: 9.16.0
      '@tailwindcss/vite':
        specifier: ^4.0.5
        version: 4.0.5(tailwindcss@4.1.10)(vite@6.0.3)
      '@testing-library/jest-dom':
        specifier: ^6.6.3
        version: 6.6.3
      '@testing-library/react':
        specifier: ^14.0.0
        version: 14.0.0(react@19.0.0)(react-dom@19.0.0)
      '@types/node':
        specifier: ^22.15.32
        version: 22.15.32
      '@types/react':
        specifier: ^19.0.1
        version: 19.0.1
      '@types/react-dom':
        specifier: ^19.0.2
        version: 19.0.2
      '@vitejs/plugin-react-swc':
        specifier: ^3.7.2
        version: 3.7.2(vite@6.0.3)
      eslint:
        specifier: ^9.16.0
        version: 9.16.0
      'eslint-plugin-react-hooks':
        specifier: ^5.1.0
        version: 5.1.0(eslint@9.16.0)
      'eslint-plugin-react-refresh':
        specifier: ^0.4.16
        version: 0.4.16(eslint@9.16.0)
      globals:
        specifier: ^15.13.0
        version: 15.13.0
      jsdom:
        specifier: ^26.1.0
        version: 26.1.0
      knip:
        specifier: ^5.61.2
        version: 5.61.2
      tailwindcss:
        specifier: ^4.1.10
        version: 4.1.10
      tailwindcss-animate:
        specifier: ^1.0.7
        version: 1.0.7(tailwindcss@4.1.10)
      typescript:
        specifier: ~5.7.3
        version: 5.7.3
      typescript-eslint:
        specifier: ^8.18.0
        version: 8.18.0(eslint@9.16.0)(typescript@5.7.3)
      vite:
        specifier: ^6.0.3
        version: 6.0.3
      vitest:
        specifier: ^3.2.4
        version: 3.2.4(jsdom@26.1.0)

packages:

  '@preact/signals-react@2.2.0':
    resolution: {integrity: sha512-example}
    peerDependencies:
      react: ^16.8.0 || ^17.0.0 || ^18.0.0 || ^19.0.0
    dependencies:
      react: 19.0.0
    dev: false

  '@testing-library/react@14.0.0':
    resolution: {integrity: sha512-example}
    engines: {node: '>=14'}
    peerDependencies:
      react: ^18.0.0 || ^19.0.0
      react-dom: ^18.0.0 || ^19.0.0
    dependencies:
      react: 19.0.0
      react-dom: 19.0.0(react@19.0.0)
    dev: true

  'clsx@2.1.1':
    resolution: {integrity: sha512-example}
    engines: {node: '>=6'}
    dev: false

  'react-dom@19.0.0':
    resolution: {integrity: sha512-example}
    peerDependencies:
      react: ^19.0.0
    dependencies:
      react: 19.0.0
    dev: false

  'react@19.0.0':
    resolution: {integrity: sha512-example}
    engines: {node: '>=0.10.0'}
    dev: false

  'tailwind-merge@2.5.5':
    resolution: {integrity: sha512-example}
    dev: false

  'home-assistant-js-websocket@9.4.0':
    resolution: {integrity: sha512-example}
    dev: false

  '@eslint/js@9.16.0':
    resolution: {integrity: sha512-example}
    engines: {node: ^18.18.0 || ^20.9.0 || >=21.1.0}
    dev: true

  '@tailwindcss/vite@4.0.5':
    resolution: {integrity: sha512-example}
    peerDependencies:
      tailwindcss: ^4.0.0
      vite: ^5.0.0 || ^6.0.0
    dependencies:
      tailwindcss: 4.1.10
      vite: 6.0.3
    dev: true

  '@testing-library/jest-dom@6.6.3':
    resolution: {integrity: sha512-example}
    engines: {node: '>=14', npm: '>=6', yarn: '>=1'}
    dev: true

  '@types/node@22.15.32':
    resolution: {integrity: sha512-example}
    dev: true

  '@types/react@19.0.1':
    resolution: {integrity: sha512-example}
    dependencies:
      '@types/prop-types': 15.7.12
      csstype: 3.1.3
    dev: true

  '@types/react-dom@19.0.2':
    resolution: {integrity: sha512-example}
    dependencies:
      '@types/react': 19.0.1
    dev: true

  '@vitejs/plugin-react-swc@3.7.2':
    resolution: {integrity: sha512-example}
    peerDependencies:
      vite: ^4 || ^5 || ^6
    dependencies:
      vite: 6.0.3
    dev: true

  'eslint@9.16.0':
    resolution: {integrity: sha512-example}
    engines: {node: ^18.18.0 || ^20.9.0 || >=21.1.0}
    hasBin: true
    dev: true

  'eslint-plugin-react-hooks@5.1.0':
    resolution: {integrity: sha512-example}
    engines: {node: '>=10'}
    peerDependencies:
      eslint: ^3.0.0 || ^4.0.0 || ^5.0.0 || ^6.0.0 || ^7.0.0 || ^8.0.0-0 || ^9.0.0
    dependencies:
      eslint: 9.16.0
    dev: true

  'eslint-plugin-react-refresh@0.4.16':
    resolution: {integrity: sha512-example}
    peerDependencies:
      eslint: '>=7'
    dependencies:
      eslint: 9.16.0
    dev: true

  'globals@15.13.0':
    resolution: {integrity: sha512-example}
    engines: {node: '>=18'}
    dev: true

  'jsdom@26.1.0':
    resolution: {integrity: sha512-example}
    engines: {node: '>=18'}
    dev: true

  'knip@5.61.2':
    resolution: {integrity: sha512-example}
    engines: {node: '>=18.6.0'}
    hasBin: true
    dev: true

  'tailwindcss@4.1.10':
    resolution: {integrity: sha512-example}
    engines: {node: '>=16.0.0'}
    hasBin: true
    dev: true

  'tailwindcss-animate@1.0.7':
    resolution: {integrity: sha512-example}
    peerDependencies:
      tailwindcss: ^3.0.0 || ^4.0.0 || insiders
    dependencies:
      tailwindcss: 4.1.10
    dev: true

  'typescript@5.7.3':
    resolution: {integrity: sha512-example}
    engines: {node: '>=14.17'}
    hasBin: true
    dev: true

  'typescript-eslint@8.18.0':
    resolution: {integrity: sha512-example}
    engines: {node: ^18.18.0 || ^20.9.0 || >=21.1.0}
    peerDependencies:
      eslint: ^8.57.0 || ^9.0.0
      typescript: '*'
    dependencies:
      eslint: 9.16.0
      typescript: 5.7.3
    dev: true

  'vite@6.0.3':
    resolution: {integrity: sha512-example}
    engines: {node: ^18.0.0 || ^20.0.0 || >=22.0.0}
    hasBin: true
    dev: true

  'vitest@3.2.4':
    resolution: {integrity: sha512-example}
    engines: {node: ^18.0.0 || ^20.0.0 || >=22.0.0}
    hasBin: true
    peerDependencies:
      jsdom: '*'
    dependencies:
      jsdom: 26.1.0
    dev: true

  '@types/prop-types@15.7.12':
    resolution: {integrity: sha512-example}
    dev: true

  'csstype@3.1.3':
    resolution: {integrity: sha512-example}
    dev: true